// !$*UTF8*$!
{
	archiveVersion = 1;
	classes = {
	};
	objectVersion = 46;
	objects = {

/* Begin PBXBuildFile section */
		B309D8521F047243004D2389 /* AppDelegate.swift in Sources */ = {isa = PBXBuildFile; fileRef = B309D8511F047243004D2389 /* AppDelegate.swift */; };
		B309D8541F047243004D2389 /* ViewController.swift in Sources */ = {isa = PBXBuildFile; fileRef = B309D8531F047243004D2389 /* ViewController.swift */; };
		B309D8571F047243004D2389 /* Main.storyboard in Resources */ = {isa = PBXBuildFile; fileRef = B309D8551F047243004D2389 /* Main.storyboard */; };
		B309D8591F047243004D2389 /* Assets.xcassets in Resources */ = {isa = PBXBuildFile; fileRef = B309D8581F047243004D2389 /* Assets.xcassets */; };
		B309D85C1F047243004D2389 /* LaunchScreen.storyboard in Resources */ = {isa = PBXBuildFile; fileRef = B309D85A1F047243004D2389 /* LaunchScreen.storyboard */; };
		B309D8661F047251004D2389 /* board.png in Resources */ = {isa = PBXBuildFile; fileRef = B309D8631F047251004D2389 /* board.png */; };
		B309D8671F047251004D2389 /* cross.png in Resources */ = {isa = PBXBuildFile; fileRef = B309D8641F047251004D2389 /* cross.png */; };
		B309D8681F047251004D2389 /* nought.png in Resources */ = {isa = PBXBuildFile; fileRef = B309D8651F047251004D2389 /* nought.png */; };
/* End PBXBuildFile section */

/* Begin PBXFileReference section */
		B309D84E1F047243004D2389 /* TicTacToe.app */ = {isa = PBXFileReference; explicitFileType = wrapper.application; includeInIndex = 0; path = TicTacToe.app; sourceTree = BUILT_PRODUCTS_DIR; };
		B309D8511F047243004D2389 /* AppDelegate.swift */ = {isa = PBXFileReference; lastKnownFileType = sourcecode.swift; path = AppDelegate.swift; sourceTree = "<group>"; };
		B309D8531F047243004D2389 /* ViewController.swift */ = {isa = PBXFileReference; lastKnownFileType = sourcecode.swift; path = ViewController.swift; sourceTree = "<group>"; };
		B309D8561F047243004D2389 /* Base */ = {isa = PBXFileReference; lastKnownFileType = file.storyboard; name = Base; path = Base.lproj/Main.storyboard; sourceTree = "<group>"; };
		B309D8581F047243004D2389 /* Assets.xcassets */ = {isa = PBXFileReference; lastKnownFileType = folder.assetcatalog; path = Assets.xcassets; sourceTree = "<group>"; };
		B309D85B1F047243004D2389 /* Base */ = {isa = PBXFileReference; lastKnownFileType = file.storyboard; name = Base; path = Base.lproj/LaunchScreen.storyboard; sourceTree = "<group>"; };
		B309D85D1F047243004D2389 /* Info.plist */ = {isa = PBXFileReference; lastKnownFileType = text.plist.xml; path = Info.plist; sourceTree = "<group>"; };
		B309D8631F047251004D2389 /* board.png */ = {isa = PBXFileReference; lastKnownFileType = image.png; path = board.png; sourceTree = "<group>"; };
		B309D8641F047251004D2389 /* cross.png */ = {isa = PBXFileReference; lastKnownFileType = image.png; path = cross.png; sourceTree = "<group>"; };
		B309D8651F047251004D2389 /* nought.png */ = {isa = PBXFileReference; lastKnownFileType = image.png; path = nought.png; sourceTree = "<group>"; };
/* End PBXFileReference section */

/* Begin PBXFrameworksBuildPhase section */
		B309D84B1F047243004D2389 /* Frameworks */ = {
			isa = PBXFrameworksBuildPhase;
			buildActionMask = 2147483647;
			files = (
			);
			runOnlyForDeploymentPostprocessing = 0;
		};
/* End PBXFrameworksBuildPhase section */

/* Begin PBXGroup section */
		B309D8451F047243004D2389 = {
			isa = PBXGroup;
			children = (
				B309D8501F047243004D2389 /* TicTacToe */,
				B309D84F1F047243004D2389 /* Products */,
			);
			sourceTree = "<group>";
		};
		B309D84F1F047243004D2389 /* Products */ = {
			isa = PBXGroup;
			children = (
				B309D84E1F047243004D2389 /* TicTacToe.app */,
			);
			name = Products;
			sourceTree = "<group>";
		};
		B309D8501F047243004D2389 /* TicTacToe */ = {
			isa = PBXGroup;
			children = (
				B309D8511F047243004D2389 /* AppDelegate.swift */,
				B309D8531F047243004D2389 /* ViewController.swift */,
				B309D8551F047243004D2389 /* Main.storyboard */,
				B309D8631F047251004D2389 /* board.png */,
				B309D8641F047251004D2389 /* cross.png */,
				B309D8651F047251004D2389 /* nought.png */,
				B309D8581F047243004D2389 /* Assets.xcassets */,
				B309D85A1F047243004D2389 /* LaunchScreen.storyboard */,
				B309D85D1F047243004D2389 /* Info.plist */,
			);
			path = TicTacToe;
			sourceTree = "<group>";
		};
/* End PBXGroup section */

/* Begin PBXNativeTarget section */
		B309D84D1F047243004D2389 /* TicTacToe */ = {
			isa = PBXNativeTarget;
			buildConfigurationList = B309D8601F047243004D2389 /* Build configuration list for PBXNativeTarget "TicTacToe" */;
			buildPhases = (
				B309D84A1F047243004D2389 /* Sources */,
				B309D84B1F047243004D2389 /* Frameworks */,
				B309D84C1F047243004D2389 /* Resources */,
			);
			buildRules = (
			);
			dependencies = (
			);
			name = TicTacToe;
			productName = TicTacToe;
			productReference = B309D84E1F047243004D2389 /* TicTacToe.app */;
			productType = "com.apple.product-type.application";
		};
/* End PBXNativeTarget section */

/* Begin PBXProject section */
		B309D8461F047243004D2389 /* Project object */ = {
			isa = PBXProject;
			attributes = {
				LastSwiftUpdateCheck = 0830;
				LastUpgradeCheck = 0830;
				ORGANIZATIONNAME = "Vanessa Chu";
				TargetAttributes = {
					B309D84D1F047243004D2389 = {
						CreatedOnToolsVersion = 8.3.3;
						DevelopmentTeam = M32N7UJQSV;
						ProvisioningStyle = Automatic;
					};
				};
			};
			buildConfigurationList = B309D8491F047243004D2389 /* Build configuration list for PBXProject "TicTacToe" */;
			compatibilityVersion = "Xcode 3.2";
			developmentRegion = English;
			hasScannedForEncodings = 0;
			knownRegions = (
				en,
				Base,
			);
			mainGroup = B309D8451F047243004D2389;
			productRefGroup = B309D84F1F047243004D2389 /* Products */;
			projectDirPath = "";
			projectRoot = "";
			targets = (
				B309D84D1F047243004D2389 /* TicTacToe */,
			);
		};
/* End PBXProject section */

/* Begin PBXResourcesBuildPhase section */
		B309D84C1F047243004D2389 /* Resources */ = {
			isa = PBXResourcesBuildPhase;
			buildActionMask = 2147483647;
			files = (
				B309D8671F047251004D2389 /* cross.png in Resources */,
				B309D8661F047251004D2389 /* board.png in Resources */,
				B309D8681F047251004D2389 /* nought.png in Resources */,
				B309D85C1F047243004D2389 /* LaunchScreen.storyboard in Resources */,
				B309D8591F047243004D2389 /* Assets.xcassets in Resources */,
				B309D8571F047243004D2389 /* Main.storyboard in Resources */,
			);
			runOnlyForDeploymentPostprocessing = 0;
		};
/* End PBXResourcesBuildPhase section */

/* Begin PBXSourcesBuildPhase section */
		B309D84A1F047243004D2389 /* Sources */ = {
			isa = PBXSourcesBuildPhase;
			buildActionMask = 2147483647;
			files = (
				B309D8541F047243004D2389 /* ViewController.swift in Sources */,
				B309D8521F047243004D2389 /* AppDelegate.swift in Sources */,
			);
			runOnlyForDeploymentPostprocessing = 0;
		};
/* End PBXSourcesBuildPhase section */

/* Begin PBXVariantGroup section */
		B309D8551F047243004D2389 /* Main.storyboard */ = {
			isa = PBXVariantGroup;
			children = (
				B309D8561F047243004D2389 /* Base */,
			);
			name = Main.storyboard;
			sourceTree = "<group>";
		};
		B309D85A1F047243004D2389 /* LaunchScreen.storyboard */ = {
			isa = PBXVariantGroup;
			children = (
				B309D85B1F047243004D2389 /* Base */,
			);
			name = LaunchScreen.storyboard;
			sourceTree = "<group>";
		};
/* End PBXVariantGroup section */

/* Begin XCBuildConfiguration section */
		B309D85E1F047243004D2389 /* Debug */ = {
			isa = XCBuildConfiguration;
			buildSettings = {
				ALWAYS_SEARCH_USER_PATHS = NO;
				CLANG_ANALYZER_NONNULL = YES;
				CLANG_ANALYZER_NUMBER_OBJECT_CONVERSION = YES_AGGRESSIVE;
				CLANG_CXX_LANGUAGE_STANDARD = "gnu++0x";
				CLANG_CXX_LIBRARY = "libc++";
				CLANG_ENABLE_MODULES = YES;
				CLANG_ENABLE_OBJC_ARC = YES;
				CLANG_WARN_BOOL_CONVERSION = YES;
				CLANG_WARN_CONSTANT_CONVERSION = YES;
				CLANG_WARN_DIRECT_OBJC_ISA_USAGE = YES_ERROR;
				CLANG_WARN_DOCUMENTATION_COMMENTS = YES;
				CLANG_WARN_EMPTY_BODY = YES;
				CLANG_WARN_ENUM_CONVERSION = YES;
				CLANG_WARN_INFINITE_RECURSION = YES;
				CLANG_WARN_INT_CONVERSION = YES;
				CLANG_WARN_OBJC_ROOT_CLASS = YES_ERROR;
				CLANG_WARN_SUSPICIOUS_MOVE = YES;
				CLANG_WARN_UNREACHABLE_CODE = YES;
				CLANG_WARN__DUPLICATE_METHOD_MATCH = YES;
				"CODE_SIGN_IDENTITY[sdk=iphoneos*]" = "iPhone Developer";
				COPY_PHASE_STRIP = NO;
				DEBUG_INFORMATION_FORMAT = dwarf;
				ENABLE_STRICT_OBJC_MSGSEND = YES;
				ENABLE_TESTABILITY = YES;
				GCC_C_LANGUAGE_STANDARD = gnu99;
				GCC_DYNAMIC_NO_PIC = NO;
				GCC_NO_COMMON_BLOCKS = YES;
				GCC_OPTIMIZATION_LEVEL = 0;
				GCC_PREPROCESSOR_DEFINITIONS = (
					"DEBUG=1",
					"$(inherited)",
				);
				GCC_WARN_64_TO_32_BIT_CONVERSION = YES;
				GCC_WARN_ABOUT_RETURN_TYPE = YES_ERROR;
				GCC_WARN_UNDECLARED_SELECTOR = YES;
				GCC_WARN_UNINITIALIZED_AUTOS = YES_AGGRESSIVE;
				GCC_WARN_UNUSED_FUNCTION = YES;
				GCC_WARN_UNUSED_VARIABLE = YES;
				IPHONEOS_DEPLOYMENT_TARGET = 10.3;
				MTL_ENABLE_DEBUG_INFO = YES;
				ONLY_ACTIVE_ARCH = YES;
				SDKROOT = iphoneos;
				SWIFT_ACTIVE_COMPILATION_CONDITIONS = DEBUG;
				SWIFT_OPTIMIZATION_LEVEL = "-Onone";
			};
			name = Debug;
		};
		B309D85F1F047243004D2389 /* Release */ = {
			isa = XCBuildConfiguration;
			buildSettings = {
				ALWAYS_SEARCH_USER_PATHS = NO;
				CLANG_ANALYZER_NONNULL = YES;
				CLANG_ANALYZER_NUMBER_OBJECT_CONVERSION = YES_AGGRESSIVE;
				CLANG_CXX_LANGUAGE_STANDARD = "gnu++0x";
				CLANG_CXX_LIBRARY = "libc++";
				CLANG_ENABLE_MODULES = YES;
				CLANG_ENABLE_OBJC_ARC = YES;
				CLANG_WARN_BOOL_CONVERSION = YES;
				CLANG_WARN_CONSTANT_CONVERSION = YES;
				CLANG_WARN_DIRECT_OBJC_ISA_USAGE = YES_ERROR;
				CLANG_WARN_DOCUMENTATION_COMMENTS = YES;
				CLANG_WARN_EMPTY_BODY = YES;
				CLANG_WARN_ENUM_CONVERSION = YES;
				CLANG_WARN_INFINITE_RECURSION = YES;
				CLANG_WARN_INT_CONVERSION = YES;
				CLANG_WARN_OBJC_ROOT_CLASS = YES_ERROR;
				CLANG_WARN_SUSPICIOUS_MOVE = YES;
				CLANG_WARN_UNREACHABLE_CODE = YES;
				CLANG_WARN__DUPLICATE_METHOD_MATCH = YES;
				"CODE_SIGN_IDENTITY[sdk=iphoneos*]" = "iPhone Developer";
				COPY_PHASE_STRIP = NO;
				DEBUG_INFORMATION_FORMAT = "dwarf-with-dsym";
				ENABLE_NS_ASSERTIONS = NO;
				ENABLE_STRICT_OBJC_MSGSEND = YES;
				GCC_C_LANGUAGE_STANDARD = gnu99;
				GCC_NO_COMMON_BLOCKS = YES;
				GCC_WARN_64_TO_32_BIT_CONVERSION = YES;
				GCC_WARN_ABOUT_RETURN_TYPE = YES_ERROR;
				GCC_WARN_UNDECLARED_SELECTOR = YES;
				GCC_WARN_UNINITIALIZED_AUTOS = YES_AGGRESSIVE;
				GCC_WARN_UNUSED_FUNCTION = YES;
				GCC_WARN_UNUSED_VARIABLE = YES;
				IPHONEOS_DEPLOYMENT_TARGET = 10.3;
				MTL_ENABLE_DEBUG_INFO = NO;
				SDKROOT = iphoneos;
				SWIFT_OPTIMIZATION_LEVEL = "-Owholemodule";
				VALIDATE_PRODUCT = YES;
			};
			name = Release;
		};
		B309D8611F047243004D2389 /* Debug */ = {
			isa = XCBuildConfiguration;
			buildSettings = {
				ASSETCATALOG_COMPILER_APPICON_NAME = AppIcon;
				DEVELOPMENT_TEAM = M32N7UJQSV;
				INFOPLIST_FILE = TicTacToe/Info.plist;
				LD_RUNPATH_SEARCH_PATHS = "$(inherited) @executable_path/Frameworks";
				PRODUCT_BUNDLE_IDENTIFIER = com.vanessachu.TicTacToe;
				PRODUCT_NAME = "$(TARGET_NAME)";
				SWIFT_VERSION = 3.0;
			};
			name = Debug;
		};
		B309D8621F047243004D2389 /* Release */ = {
			isa = XCBuildConfiguration;
			buildSettings = {
				ASSETCATALOG_COMPILER_APPICON_NAME = AppIcon;
				DEVELOPMENT_TEAM = M32N7UJQSV;
				INFOPLIST_FILE = TicTacToe/Info.plist;
				LD_RUNPATH_SEARCH_PATHS = "$(inherited) @executable_path/Frameworks";
				PRODUCT_BUNDLE_IDENTIFIER = com.vanessachu.TicTacToe;
				PRODUCT_NAME = "$(TARGET_NAME)";
				SWIFT_VERSION = 3.0;
			};
			name = Release;
		};
/* End XCBuildConfiguration section */

/* Begin XCConfigurationList section */
		B309D8491F047243004D2389 /* Build configuration list for PBXProject "TicTacToe" */ = {
			isa = XCConfigurationList;
			buildConfigurations = (
				B309D85E1F047243004D2389 /* Debug */,
				B309D85F1F047243004D2389 /* Release */,
			);
			defaultConfigurationIsVisible = 0;
			defaultConfigurationName = Release;
		};
		B309D8601F047243004D2389 /* Build configuration list for PBXNativeTarget "TicTacToe" */ = {
			isa = XCConfigurationList;
			buildConfigurations = (
				B309D8611F047243004D2389 /* Debug */,
				B309D8621F047243004D2389 /* Release */,
			);
			defaultConfigurationIsVisible = 0;
		};
/* End XCConfigurationList section */
	};
	rootObject = B309D8461F047243004D2389 /* Project object */;
}
